
Microsoft Visual Studio Solution File, Format Version 12.00
# Visual Studio Version 17
VisualStudioVersion = 17.5.2.0
MinimumVisualStudioVersion = 10.0.40219.1
Project("{FAE04EC0-301F-11D3-BF4B-00C04F79EFBC}") = "HelloWorld", "HelloWorld\HelloWorld.csproj", "{3B04E6C5-D792-2277-5D57-5B8EE9AA15D1}"
EndProject
Project("{FAE04EC0-301F-11D3-BF4B-00C04F79EFBC}") = "NanoChat.Core", "NanoChat.Core\NanoChat.Core.csproj", "{70C86DD8-AD84-453A-A35F-57C9C518E93B}"
EndProject
Project("{FAE04EC0-301F-11D3-BF4B-00C04F79EFBC}") = "NanoChat.Tokenizer", "NanoChat.Tokenizer\NanoChat.Tokenizer.csproj", "{A6E03B05-E6AD-4165-9498-1314D4AE75BD}"
EndProject
Project("{FAE04EC0-301F-11D3-BF4B-00C04F79EFBC}") = "NanoChat.Dataset", "NanoChat.Dataset\NanoChat.Dataset.csproj", "{C20EC77D-F3AA-4AEF-B9F6-28DD096418F2}"
EndProject
Project("{FAE04EC0-301F-11D3-BF4B-00C04F79EFBC}") = "NanoChat.Training", "NanoChat.Training\NanoChat.Training.csproj", "{00A505A4-7706-4BF7-B277-8A129C89E32D}"
EndProject
Project("{FAE04EC0-301F-11D3-BF4B-00C04F79EFBC}") = "NanoChat.Engine", "NanoChat.Engine\NanoChat.Engine.csproj", "{D320566B-299E-49ED-98D5-F6438F57C6DA}"
EndProject
Project("{FAE04EC0-301F-11D3-BF4B-00C04F79EFBC}") = "NanoChat.Evaluation", "NanoChat.Evaluation\NanoChat.Evaluation.csproj", "{9A9E75C5-ACB6-485F-A45D-42073CD96E77}"
EndProject
Project("{FAE04EC0-301F-11D3-BF4B-00C04F79EFBC}") = "NanoChat.Report", "NanoChat.Report\NanoChat.Report.csproj", "{51D06C6C-EC48-49F3-A127-867E7E59E487}"
EndProject
Project("{FAE04EC0-301F-11D3-BF4B-00C04F79EFBC}") = "TokenizerTrainer", "TokenizerTrainer\TokenizerTrainer.csproj", "{2173727B-0A39-4C91-8FD4-4D0A4E0E0232}"
EndProject
Project("{FAE04EC0-301F-11D3-BF4B-00C04F79EFBC}") = "BaseTrainer", "BaseTrainer\BaseTrainer.csproj", "{0D8BFE12-1D04-4FF7-97FA-6918478050B9}"
EndProject
Project("{FAE04EC0-301F-11D3-BF4B-00C04F79EFBC}") = "BaseLossEval", "BaseLossEval\BaseLossEval.csproj", "{3A6B9458-91CD-4752-AB92-23748C92B904}"
EndProject
Project("{FAE04EC0-301F-11D3-BF4B-00C04F79EFBC}") = "BaseEval", "BaseEval\BaseEval.csproj", "{29D76488-4192-48DF-ADD7-9129C4CEF0A6}"
EndProject
Project("{FAE04EC0-301F-11D3-BF4B-00C04F79EFBC}") = "MidTrainer", "MidTrainer\MidTrainer.csproj", "{1D99C843-1DF0-421D-BE9D-5C7464B56210}"
EndProject
Project("{FAE04EC0-301F-11D3-BF4B-00C04F79EFBC}") = "ChatSFT", "ChatSFT\ChatSFT.csproj", "{BA80861F-3F41-4617-9519-556CB1C1072C}"
EndProject
Project("{FAE04EC0-301F-11D3-BF4B-00C04F79EFBC}") = "ChatEval", "ChatEval\ChatEval.csproj", "{EFF0CF7F-19B1-4053-AB21-AC1FF3658642}"
EndProject
Project("{FAE04EC0-301F-11D3-BF4B-00C04F79EFBC}") = "RunCPU", "RunCPU\RunCPU.csproj", "{6F1682B5-4515-4639-BB68-05F8073DC591}"
EndProject
Global
	GlobalSection(SolutionConfigurationPlatforms) = preSolution
		Debug|Any CPU = Debug|Any CPU
		Debug|x64 = Debug|x64
		Debug|x86 = Debug|x86
		Release|Any CPU = Release|Any CPU
		Release|x64 = Release|x64
		Release|x86 = Release|x86
	EndGlobalSection
	GlobalSection(ProjectConfigurationPlatforms) = postSolution
		{3B04E6C5-D792-2277-5D57-5B8EE9AA15D1}.Debug|Any CPU.ActiveCfg = Debug|Any CPU
		{3B04E6C5-D792-2277-5D57-5B8EE9AA15D1}.Debug|Any CPU.Build.0 = Debug|Any CPU
		{3B04E6C5-D792-2277-5D57-5B8EE9AA15D1}.Debug|x64.ActiveCfg = Debug|Any CPU
		{3B04E6C5-D792-2277-5D57-5B8EE9AA15D1}.Debug|x64.Build.0 = Debug|Any CPU
		{3B04E6C5-D792-2277-5D57-5B8EE9AA15D1}.Debug|x86.ActiveCfg = Debug|Any CPU
		{3B04E6C5-D792-2277-5D57-5B8EE9AA15D1}.Debug|x86.Build.0 = Debug|Any CPU
		{3B04E6C5-D792-2277-5D57-5B8EE9AA15D1}.Release|Any CPU.ActiveCfg = Release|Any CPU
		{3B04E6C5-D792-2277-5D57-5B8EE9AA15D1}.Release|Any CPU.Build.0 = Release|Any CPU
		{3B04E6C5-D792-2277-5D57-5B8EE9AA15D1}.Release|x64.ActiveCfg = Release|Any CPU
		{3B04E6C5-D792-2277-5D57-5B8EE9AA15D1}.Release|x64.Build.0 = Release|Any CPU
		{3B04E6C5-D792-2277-5D57-5B8EE9AA15D1}.Release|x86.ActiveCfg = Release|Any CPU
		{3B04E6C5-D792-2277-5D57-5B8EE9AA15D1}.Release|x86.Build.0 = Release|Any CPU
		{70C86DD8-AD84-453A-A35F-57C9C518E93B}.Debug|Any CPU.ActiveCfg = Debug|Any CPU
		{70C86DD8-AD84-453A-A35F-57C9C518E93B}.Debug|Any CPU.Build.0 = Debug|Any CPU
		{70C86DD8-AD84-453A-A35F-57C9C518E93B}.Debug|x64.ActiveCfg = Debug|Any CPU
		{70C86DD8-AD84-453A-A35F-57C9C518E93B}.Debug|x64.Build.0 = Debug|Any CPU
		{70C86DD8-AD84-453A-A35F-57C9C518E93B}.Debug|x86.ActiveCfg = Debug|Any CPU
		{70C86DD8-AD84-453A-A35F-57C9C518E93B}.Debug|x86.Build.0 = Debug|Any CPU
		{70C86DD8-AD84-453A-A35F-57C9C518E93B}.Release|Any CPU.ActiveCfg = Release|Any CPU
		{70C86DD8-AD84-453A-A35F-57C9C518E93B}.Release|Any CPU.Build.0 = Release|Any CPU
		{70C86DD8-AD84-453A-A35F-57C9C518E93B}.Release|x64.ActiveCfg = Release|Any CPU
		{70C86DD8-AD84-453A-A35F-57C9C518E93B}.Release|x64.Build.0 = Release|Any CPU
		{70C86DD8-AD84-453A-A35F-57C9C518E93B}.Release|x86.ActiveCfg = Release|Any CPU
		{70C86DD8-AD84-453A-A35F-57C9C518E93B}.Release|x86.Build.0 = Release|Any CPU
		{A6E03B05-E6AD-4165-9498-1314D4AE75BD}.Debug|Any CPU.ActiveCfg = Debug|Any CPU
		{A6E03B05-E6AD-4165-9498-1314D4AE75BD}.Debug|Any CPU.Build.0 = Debug|Any CPU
		{A6E03B05-E6AD-4165-9498-1314D4AE75BD}.Debug|x64.ActiveCfg = Debug|Any CPU
		{A6E03B05-E6AD-4165-9498-1314D4AE75BD}.Debug|x64.Build.0 = Debug|Any CPU
		{A6E03B05-E6AD-4165-9498-1314D4AE75BD}.Debug|x86.ActiveCfg = Debug|Any CPU
		{A6E03B05-E6AD-4165-9498-1314D4AE75BD}.Debug|x86.Build.0 = Debug|Any CPU
		{A6E03B05-E6AD-4165-9498-1314D4AE75BD}.Release|Any CPU.ActiveCfg = Release|Any CPU
		{A6E03B05-E6AD-4165-9498-1314D4AE75BD}.Release|Any CPU.Build.0 = Release|Any CPU
		{A6E03B05-E6AD-4165-9498-1314D4AE75BD}.Release|x64.ActiveCfg = Release|Any CPU
		{A6E03B05-E6AD-4165-9498-1314D4AE75BD}.Release|x64.Build.0 = Release|Any CPU
		{A6E03B05-E6AD-4165-9498-1314D4AE75BD}.Release|x86.ActiveCfg = Release|Any CPU
		{A6E03B05-E6AD-4165-9498-1314D4AE75BD}.Release|x86.Build.0 = Release|Any CPU
		{C20EC77D-F3AA-4AEF-B9F6-28DD096418F2}.Debug|Any CPU.ActiveCfg = Debug|Any CPU
		{C20EC77D-F3AA-4AEF-B9F6-28DD096418F2}.Debug|Any CPU.Build.0 = Debug|Any CPU
		{C20EC77D-F3AA-4AEF-B9F6-28DD096418F2}.Debug|x64.ActiveCfg = Debug|Any CPU
		{C20EC77D-F3AA-4AEF-B9F6-28DD096418F2}.Debug|x64.Build.0 = Debug|Any CPU
		{C20EC77D-F3AA-4AEF-B9F6-28DD096418F2}.Debug|x86.ActiveCfg = Debug|Any CPU
		{C20EC77D-F3AA-4AEF-B9F6-28DD096418F2}.Debug|x86.Build.0 = Debug|Any CPU
		{C20EC77D-F3AA-4AEF-B9F6-28DD096418F2}.Release|Any CPU.ActiveCfg = Release|Any CPU
		{C20EC77D-F3AA-4AEF-B9F6-28DD096418F2}.Release|Any CPU.Build.0 = Release|Any CPU
		{C20EC77D-F3AA-4AEF-B9F6-28DD096418F2}.Release|x64.ActiveCfg = Release|Any CPU
		{C20EC77D-F3AA-4AEF-B9F6-28DD096418F2}.Release|x64.Build.0 = Release|Any CPU
		{C20EC77D-F3AA-4AEF-B9F6-28DD096418F2}.Release|x86.ActiveCfg = Release|Any CPU
		{C20EC77D-F3AA-4AEF-B9F6-28DD096418F2}.Release|x86.Build.0 = Release|Any CPU
		{00A505A4-7706-4BF7-B277-8A129C89E32D}.Debug|Any CPU.ActiveCfg = Debug|Any CPU
		{00A505A4-7706-4BF7-B277-8A129C89E32D}.Debug|Any CPU.Build.0 = Debug|Any CPU
		{00A505A4-7706-4BF7-B277-8A129C89E32D}.Debug|x64.ActiveCfg = Debug|Any CPU
		{00A505A4-7706-4BF7-B277-8A129C89E32D}.Debug|x64.Build.0 = Debug|Any CPU
		{00A505A4-7706-4BF7-B277-8A129C89E32D}.Debug|x86.ActiveCfg = Debug|Any CPU
		{00A505A4-7706-4BF7-B277-8A129C89E32D}.Debug|x86.Build.0 = Debug|Any CPU
		{00A505A4-7706-4BF7-B277-8A129C89E32D}.Release|Any CPU.ActiveCfg = Release|Any CPU
		{00A505A4-7706-4BF7-B277-8A129C89E32D}.Release|Any CPU.Build.0 = Release|Any CPU
		{00A505A4-7706-4BF7-B277-8A129C89E32D}.Release|x64.ActiveCfg = Release|Any CPU
		{00A505A4-7706-4BF7-B277-8A129C89E32D}.Release|x64.Build.0 = Release|Any CPU
		{00A505A4-7706-4BF7-B277-8A129C89E32D}.Release|x86.ActiveCfg = Release|Any CPU
		{00A505A4-7706-4BF7-B277-8A129C89E32D}.Release|x86.Build.0 = Release|Any CPU
		{D320566B-299E-49ED-98D5-F6438F57C6DA}.Debug|Any CPU.ActiveCfg = Debug|Any CPU
		{D320566B-299E-49ED-98D5-F6438F57C6DA}.Debug|Any CPU.Build.0 = Debug|Any CPU
		{D320566B-299E-49ED-98D5-F6438F57C6DA}.Debug|x64.ActiveCfg = Debug|Any CPU
		{D320566B-299E-49ED-98D5-F6438F57C6DA}.Debug|x64.Build.0 = Debug|Any CPU
		{D320566B-299E-49ED-98D5-F6438F57C6DA}.Debug|x86.ActiveCfg = Debug|Any CPU
		{D320566B-299E-49ED-98D5-F6438F57C6DA}.Debug|x86.Build.0 = Debug|Any CPU
		{D320566B-299E-49ED-98D5-F6438F57C6DA}.Release|Any CPU.ActiveCfg = Release|Any CPU
		{D320566B-299E-49ED-98D5-F6438F57C6DA}.Release|Any CPU.Build.0 = Release|Any CPU
		{D320566B-299E-49ED-98D5-F6438F57C6DA}.Release|x64.ActiveCfg = Release|Any CPU
		{D320566B-299E-49ED-98D5-F6438F57C6DA}.Release|x64.Build.0 = Release|Any CPU
		{D320566B-299E-49ED-98D5-F6438F57C6DA}.Release|x86.ActiveCfg = Release|Any CPU
		{D320566B-299E-49ED-98D5-F6438F57C6DA}.Release|x86.Build.0 = Release|Any CPU
		{9A9E75C5-ACB6-485F-A45D-42073CD96E77}.Debug|Any CPU.ActiveCfg = Debug|Any CPU
		{9A9E75C5-ACB6-485F-A45D-42073CD96E77}.Debug|Any CPU.Build.0 = Debug|Any CPU
		{9A9E75C5-ACB6-485F-A45D-42073CD96E77}.Debug|x64.ActiveCfg = Debug|Any CPU
		{9A9E75C5-ACB6-485F-A45D-42073CD96E77}.Debug|x64.Build.0 = Debug|Any CPU
		{9A9E75C5-ACB6-485F-A45D-42073CD96E77}.Debug|x86.ActiveCfg = Debug|Any CPU
		{9A9E75C5-ACB6-485F-A45D-42073CD96E77}.Debug|x86.Build.0 = Debug|Any CPU
		{9A9E75C5-ACB6-485F-A45D-42073CD96E77}.Release|Any CPU.ActiveCfg = Release|Any CPU
		{9A9E75C5-ACB6-485F-A45D-42073CD96E77}.Release|Any CPU.Build.0 = Release|Any CPU
		{9A9E75C5-ACB6-485F-A45D-42073CD96E77}.Release|x64.ActiveCfg = Release|Any CPU
		{9A9E75C5-ACB6-485F-A45D-42073CD96E77}.Release|x64.Build.0 = Release|Any CPU
		{9A9E75C5-ACB6-485F-A45D-42073CD96E77}.Release|x86.ActiveCfg = Release|Any CPU
		{9A9E75C5-ACB6-485F-A45D-42073CD96E77}.Release|x86.Build.0 = Release|Any CPU
		{51D06C6C-EC48-49F3-A127-867E7E59E487}.Debug|Any CPU.ActiveCfg = Debug|Any CPU
		{51D06C6C-EC48-49F3-A127-867E7E59E487}.Debug|Any CPU.Build.0 = Debug|Any CPU
		{51D06C6C-EC48-49F3-A127-867E7E59E487}.Debug|x64.ActiveCfg = Debug|Any CPU
		{51D06C6C-EC48-49F3-A127-867E7E59E487}.Debug|x64.Build.0 = Debug|Any CPU
		{51D06C6C-EC48-49F3-A127-867E7E59E487}.Debug|x86.ActiveCfg = Debug|Any CPU
		{51D06C6C-EC48-49F3-A127-867E7E59E487}.Debug|x86.Build.0 = Debug|Any CPU
		{51D06C6C-EC48-49F3-A127-867E7E59E487}.Release|Any CPU.ActiveCfg = Release|Any CPU
		{51D06C6C-EC48-49F3-A127-867E7E59E487}.Release|Any CPU.Build.0 = Release|Any CPU
		{51D06C6C-EC48-49F3-A127-867E7E59E487}.Release|x64.ActiveCfg = Release|Any CPU
		{51D06C6C-EC48-49F3-A127-867E7E59E487}.Release|x64.Build.0 = Release|Any CPU
		{51D06C6C-EC48-49F3-A127-867E7E59E487}.Release|x86.ActiveCfg = Release|Any CPU
		{51D06C6C-EC48-49F3-A127-867E7E59E487}.Release|x86.Build.0 = Release|Any CPU
		{2173727B-0A39-4C91-8FD4-4D0A4E0E0232}.Debug|Any CPU.ActiveCfg = Debug|Any CPU
		{2173727B-0A39-4C91-8FD4-4D0A4E0E0232}.Debug|Any CPU.Build.0 = Debug|Any CPU
		{2173727B-0A39-4C91-8FD4-4D0A4E0E0232}.Debug|x64.ActiveCfg = Debug|Any CPU
		{2173727B-0A39-4C91-8FD4-4D0A4E0E0232}.Debug|x64.Build.0 = Debug|Any CPU
		{2173727B-0A39-4C91-8FD4-4D0A4E0E0232}.Debug|x86.ActiveCfg = Debug|Any CPU
		{2173727B-0A39-4C91-8FD4-4D0A4E0E0232}.Debug|x86.Build.0 = Debug|Any CPU
		{2173727B-0A39-4C91-8FD4-4D0A4E0E0232}.Release|Any CPU.ActiveCfg = Release|Any CPU
		{2173727B-0A39-4C91-8FD4-4D0A4E0E0232}.Release|Any CPU.Build.0 = Release|Any CPU
		{2173727B-0A39-4C91-8FD4-4D0A4E0E0232}.Release|x64.ActiveCfg = Release|Any CPU
		{2173727B-0A39-4C91-8FD4-4D0A4E0E0232}.Release|x64.Build.0 = Release|Any CPU
		{2173727B-0A39-4C91-8FD4-4D0A4E0E0232}.Release|x86.ActiveCfg = Release|Any CPU
		{2173727B-0A39-4C91-8FD4-4D0A4E0E0232}.Release|x86.Build.0 = Release|Any CPU
		{0D8BFE12-1D04-4FF7-97FA-6918478050B9}.Debug|Any CPU.ActiveCfg = Debug|Any CPU
		{0D8BFE12-1D04-4FF7-97FA-6918478050B9}.Debug|Any CPU.Build.0 = Debug|Any CPU
		{0D8BFE12-1D04-4FF7-97FA-6918478050B9}.Debug|x64.ActiveCfg = Debug|Any CPU
		{0D8BFE12-1D04-4FF7-97FA-6918478050B9}.Debug|x64.Build.0 = Debug|Any CPU
		{0D8BFE12-1D04-4FF7-97FA-6918478050B9}.Debug|x86.ActiveCfg = Debug|Any CPU
		{0D8BFE12-1D04-4FF7-97FA-6918478050B9}.Debug|x86.Build.0 = Debug|Any CPU
		{0D8BFE12-1D04-4FF7-97FA-6918478050B9}.Release|Any CPU.ActiveCfg = Release|Any CPU
		{0D8BFE12-1D04-4FF7-97FA-6918478050B9}.Release|Any CPU.Build.0 = Release|Any CPU
		{0D8BFE12-1D04-4FF7-97FA-6918478050B9}.Release|x64.ActiveCfg = Release|Any CPU
		{0D8BFE12-1D04-4FF7-97FA-6918478050B9}.Release|x64.Build.0 = Release|Any CPU
		{0D8BFE12-1D04-4FF7-97FA-6918478050B9}.Release|x86.ActiveCfg = Release|Any CPU
		{0D8BFE12-1D04-4FF7-97FA-6918478050B9}.Release|x86.Build.0 = Release|Any CPU
		{3A6B9458-91CD-4752-AB92-23748C92B904}.Debug|Any CPU.ActiveCfg = Debug|Any CPU
		{3A6B9458-91CD-4752-AB92-23748C92B904}.Debug|Any CPU.Build.0 = Debug|Any CPU
		{3A6B9458-91CD-4752-AB92-23748C92B904}.Debug|x64.ActiveCfg = Debug|Any CPU
		{3A6B9458-91CD-4752-AB92-23748C92B904}.Debug|x64.Build.0 = Debug|Any CPU
		{3A6B9458-91CD-4752-AB92-23748C92B904}.Debug|x86.ActiveCfg = Debug|Any CPU
		{3A6B9458-91CD-4752-AB92-23748C92B904}.Debug|x86.Build.0 = Debug|Any CPU
		{3A6B9458-91CD-4752-AB92-23748C92B904}.Release|Any CPU.ActiveCfg = Release|Any CPU
		{3A6B9458-91CD-4752-AB92-23748C92B904}.Release|Any CPU.Build.0 = Release|Any CPU
		{3A6B9458-91CD-4752-AB92-23748C92B904}.Release|x64.ActiveCfg = Release|Any CPU
		{3A6B9458-91CD-4752-AB92-23748C92B904}.Release|x64.Build.0 = Release|Any CPU
		{3A6B9458-91CD-4752-AB92-23748C92B904}.Release|x86.ActiveCfg = Release|Any CPU
		{3A6B9458-91CD-4752-AB92-23748C92B904}.Release|x86.Build.0 = Release|Any CPU
		{29D76488-4192-48DF-ADD7-9129C4CEF0A6}.Debug|Any CPU.ActiveCfg = Debug|Any CPU
		{29D76488-4192-48DF-ADD7-9129C4CEF0A6}.Debug|Any CPU.Build.0 = Debug|Any CPU
		{29D76488-4192-48DF-ADD7-9129C4CEF0A6}.Debug|x64.ActiveCfg = Debug|Any CPU
		{29D76488-4192-48DF-ADD7-9129C4CEF0A6}.Debug|x64.Build.0 = Debug|Any CPU
		{29D76488-4192-48DF-ADD7-9129C4CEF0A6}.Debug|x86.ActiveCfg = Debug|Any CPU
		{29D76488-4192-48DF-ADD7-9129C4CEF0A6}.Debug|x86.Build.0 = Debug|Any CPU
		{29D76488-4192-48DF-ADD7-9129C4CEF0A6}.Release|Any CPU.ActiveCfg = Release|Any CPU
		{29D76488-4192-48DF-ADD7-9129C4CEF0A6}.Release|Any CPU.Build.0 = Release|Any CPU
		{29D76488-4192-48DF-ADD7-9129C4CEF0A6}.Release|x64.ActiveCfg = Release|Any CPU
		{29D76488-4192-48DF-ADD7-9129C4CEF0A6}.Release|x64.Build.0 = Release|Any CPU
		{29D76488-4192-48DF-ADD7-9129C4CEF0A6}.Release|x86.ActiveCfg = Release|Any CPU
		{29D76488-4192-48DF-ADD7-9129C4CEF0A6}.Release|x86.Build.0 = Release|Any CPU
		{1D99C843-1DF0-421D-BE9D-5C7464B56210}.Debug|Any CPU.ActiveCfg = Debug|Any CPU
		{1D99C843-1DF0-421D-BE9D-5C7464B56210}.Debug|Any CPU.Build.0 = Debug|Any CPU
		{1D99C843-1DF0-421D-BE9D-5C7464B56210}.Debug|x64.ActiveCfg = Debug|Any CPU
		{1D99C843-1DF0-421D-BE9D-5C7464B56210}.Debug|x64.Build.0 = Debug|Any CPU
		{1D99C843-1DF0-421D-BE9D-5C7464B56210}.Debug|x86.ActiveCfg = Debug|Any CPU
		{1D99C843-1DF0-421D-BE9D-5C7464B56210}.Debug|x86.Build.0 = Debug|Any CPU
		{1D99C843-1DF0-421D-BE9D-5C7464B56210}.Release|Any CPU.ActiveCfg = Release|Any CPU
		{1D99C843-1DF0-421D-BE9D-5C7464B56210}.Release|Any CPU.Build.0 = Release|Any CPU
		{1D99C843-1DF0-421D-BE9D-5C7464B56210}.Release|x64.ActiveCfg = Release|Any CPU
		{1D99C843-1DF0-421D-BE9D-5C7464B56210}.Release|x64.Build.0 = Release|Any CPU
		{1D99C843-1DF0-421D-BE9D-5C7464B56210}.Release|x86.ActiveCfg = Release|Any CPU
		{1D99C843-1DF0-421D-BE9D-5C7464B56210}.Release|x86.Build.0 = Release|Any CPU
		{BA80861F-3F41-4617-9519-556CB1C1072C}.Debug|Any CPU.ActiveCfg = Debug|Any CPU
		{BA80861F-3F41-4617-9519-556CB1C1072C}.Debug|Any CPU.Build.0 = Debug|Any CPU
		{BA80861F-3F41-4617-9519-556CB1C1072C}.Debug|x64.ActiveCfg = Debug|Any CPU
		{BA80861F-3F41-4617-9519-556CB1C1072C}.Debug|x64.Build.0 = Debug|Any CPU
		{BA80861F-3F41-4617-9519-556CB1C1072C}.Debug|x86.ActiveCfg = Debug|Any CPU
		{BA80861F-3F41-4617-9519-556CB1C1072C}.Debug|x86.Build.0 = Debug|Any CPU
		{BA80861F-3F41-4617-9519-556CB1C1072C}.Release|Any CPU.ActiveCfg = Release|Any CPU
		{BA80861F-3F41-4617-9519-556CB1C1072C}.Release|Any CPU.Build.0 = Release|Any CPU
		{BA80861F-3F41-4617-9519-556CB1C1072C}.Release|x64.ActiveCfg = Release|Any CPU
		{BA80861F-3F41-4617-9519-556CB1C1072C}.Release|x64.Build.0 = Release|Any CPU
		{BA80861F-3F41-4617-9519-556CB1C1072C}.Release|x86.ActiveCfg = Release|Any CPU
		{BA80861F-3F41-4617-9519-556CB1C1072C}.Release|x86.Build.0 = Release|Any CPU
		{EFF0CF7F-19B1-4053-AB21-AC1FF3658642}.Debug|Any CPU.ActiveCfg = Debug|Any CPU
		{EFF0CF7F-19B1-4053-AB21-AC1FF3658642}.Debug|Any CPU.Build.0 = Debug|Any CPU
		{EFF0CF7F-19B1-4053-AB21-AC1FF3658642}.Debug|x64.ActiveCfg = Debug|Any CPU
		{EFF0CF7F-19B1-4053-AB21-AC1FF3658642}.Debug|x64.Build.0 = Debug|Any CPU
		{EFF0CF7F-19B1-4053-AB21-AC1FF3658642}.Debug|x86.ActiveCfg = Debug|Any CPU
		{EFF0CF7F-19B1-4053-AB21-AC1FF3658642}.Debug|x86.Build.0 = Debug|Any CPU
		{EFF0CF7F-19B1-4053-AB21-AC1FF3658642}.Release|Any CPU.ActiveCfg = Release|Any CPU
		{EFF0CF7F-19B1-4053-AB21-AC1FF3658642}.Release|Any CPU.Build.0 = Release|Any CPU
		{EFF0CF7F-19B1-4053-AB21-AC1FF3658642}.Release|x64.ActiveCfg = Release|Any CPU
		{EFF0CF7F-19B1-4053-AB21-AC1FF3658642}.Release|x64.Build.0 = Release|Any CPU
		{EFF0CF7F-19B1-4053-AB21-AC1FF3658642}.Release|x86.ActiveCfg = Release|Any CPU
		{EFF0CF7F-19B1-4053-AB21-AC1FF3658642}.Release|x86.Build.0 = Release|Any CPU
		{6F1682B5-4515-4639-BB68-05F8073DC591}.Debug|Any CPU.ActiveCfg = Debug|Any CPU
		{6F1682B5-4515-4639-BB68-05F8073DC591}.Debug|Any CPU.Build.0 = Debug|Any CPU
		{6F1682B5-4515-4639-BB68-05F8073DC591}.Debug|x64.ActiveCfg = Debug|Any CPU
		{6F1682B5-4515-4639-BB68-05F8073DC591}.Debug|x64.Build.0 = Debug|Any CPU
		{6F1682B5-4515-4639-BB68-05F8073DC591}.Debug|x86.ActiveCfg = Debug|Any CPU
		{6F1682B5-4515-4639-BB68-05F8073DC591}.Debug|x86.Build.0 = Debug|Any CPU
		{6F1682B5-4515-4639-BB68-05F8073DC591}.Release|Any CPU.ActiveCfg = Release|Any CPU
		{6F1682B5-4515-4639-BB68-05F8073DC591}.Release|Any CPU.Build.0 = Release|Any CPU
		{6F1682B5-4515-4639-BB68-05F8073DC591}.Release|x64.ActiveCfg = Release|Any CPU
		{6F1682B5-4515-4639-BB68-05F8073DC591}.Release|x64.Build.0 = Release|Any CPU
		{6F1682B5-4515-4639-BB68-05F8073DC591}.Release|x86.ActiveCfg = Release|Any CPU
		{6F1682B5-4515-4639-BB68-05F8073DC591}.Release|x86.Build.0 = Release|Any CPU
	EndGlobalSection
	GlobalSection(SolutionProperties) = preSolution
		HideSolutionNode = FALSE
	EndGlobalSection
	GlobalSection(ExtensibilityGlobals) = postSolution
		SolutionGuid = {FE6F98EC-59B4-4E03-93A1-B12A571D3D49}
	EndGlobalSection
EndGlobal
